
Microsoft Visual Studio Solution File, Format Version 12.00
Project("{FAE04EC0-301F-11D3-BF4B-00C04F79EFBC}") = "FatigueBar", "FatigueBar\FatigueBar.csproj", "{B0BE3D0C-ECE3-4301-9A74-FCB152CA4B8C}"
EndProject
Project("{FAE04EC0-301F-11D3-BF4B-00C04F79EFBC}") = "CakeBuild", "ZZCakeBuild\CakeBuild.csproj", "{726F369F-2A2C-467C-8241-CF2FEC1903E9}"
EndProject
Global
	GlobalSection(SolutionConfigurationPlatforms) = preSolution
		Debug|Any CPU = Debug|Any CPU
		Release|Any CPU = Release|Any CPU
	EndGlobalSection
	GlobalSection(ProjectConfigurationPlatforms) = postSolution
		{B0BE3D0C-ECE3-4301-9A74-FCB152CA4B8C}.Debug|Any CPU.ActiveCfg = Debug|Any CPU
		{B0BE3D0C-ECE3-4301-9A74-FCB152CA4B8C}.Debug|Any CPU.Build.0 = Debug|Any CPU
		{B0BE3D0C-ECE3-4301-9A74-FCB152CA4B8C}.Release|Any CPU.ActiveCfg = Release|Any CPU
		{B0BE3D0C-ECE3-4301-9A74-FCB152CA4B8C}.Release|Any CPU.Build.0 = Release|Any CPU
		{726F369F-2A2C-467C-8241-CF2FEC1903E9}.Debug|Any CPU.ActiveCfg = Debug|Any CPU
		{726F369F-2A2C-467C-8241-CF2FEC1903E9}.Debug|Any CPU.Build.0 = Debug|Any CPU
		{726F369F-2A2C-467C-8241-CF2FEC1903E9}.Release|Any CPU.ActiveCfg = Release|Any CPU
		{726F369F-2A2C-467C-8241-CF2FEC1903E9}.Release|Any CPU.Build.0 = Release|Any CPU
	EndGlobalSection
EndGlobal
